// !$*UTF8*$!
{
	archiveVersion = 1;
	classes = {
	};
	objectVersion = 46;
	objects = {

/* Begin PBXBuildFile section */
		4E5F95271E9F4827003B1B93 /* main.m in Sources */ = {isa = PBXBuildFile; fileRef = 4E5F95261E9F4827003B1B93 /* main.m */; };
		4E5F952A1E9F4827003B1B93 /* AppDelegate.m in Sources */ = {isa = PBXBuildFile; fileRef = 4E5F95291E9F4827003B1B93 /* AppDelegate.m */; };
		4E5F952D1E9F4827003B1B93 /* ViewController.m in Sources */ = {isa = PBXBuildFile; fileRef = 4E5F952C1E9F4827003B1B93 /* ViewController.m */; };
		4E5F95301E9F4827003B1B93 /* Main.storyboard in Resources */ = {isa = PBXBuildFile; fileRef = 4E5F952E1E9F4827003B1B93 /* Main.storyboard */; };
		4E5F95321E9F4827003B1B93 /* Assets.xcassets in Resources */ = {isa = PBXBuildFile; fileRef = 4E5F95311E9F4827003B1B93 /* Assets.xcassets */; };
		4E5F95351E9F4827003B1B93 /* LaunchScreen.storyboard in Resources */ = {isa = PBXBuildFile; fileRef = 4E5F95331E9F4827003B1B93 /* LaunchScreen.storyboard */; };
		4E5F95401E9F4827003B1B93 /* TestSafafiTests.m in Sources */ = {isa = PBXBuildFile; fileRef = 4E5F953F1E9F4827003B1B93 /* TestSafafiTests.m */; };
		4E5F954B1E9F4827003B1B93 /* TestSafafiUITests.m in Sources */ = {isa = PBXBuildFile; fileRef = 4E5F954A1E9F4827003B1B93 /* TestSafafiUITests.m */; };
/* End PBXBuildFile section */

/* Begin PBXContainerItemProxy section */
		4E5F953C1E9F4827003B1B93 /* PBXContainerItemProxy */ = {
			isa = PBXContainerItemProxy;
			containerPortal = 4E5F951A1E9F4827003B1B93 /* Project object */;
			proxyType = 1;
			remoteGlobalIDString = 4E5F95211E9F4827003B1B93;
			remoteInfo = TestSafafi;
		};
		4E5F95471E9F4827003B1B93 /* PBXContainerItemProxy */ = {
			isa = PBXContainerItemProxy;
			containerPortal = 4E5F951A1E9F4827003B1B93 /* Project object */;
			proxyType = 1;
			remoteGlobalIDString = 4E5F95211E9F4827003B1B93;
			remoteInfo = TestSafafi;
		};
/* End PBXContainerItemProxy section */

/* Begin PBXFileReference section */
		4E5F95221E9F4827003B1B93 /* TestSafafi.app */ = {isa = PBXFileReference; explicitFileType = wrapper.application; includeInIndex = 0; path = TestSafafi.app; sourceTree = BUILT_PRODUCTS_DIR; };
		4E5F95261E9F4827003B1B93 /* main.m */ = {isa = PBXFileReference; lastKnownFileType = sourcecode.c.objc; path = main.m; sourceTree = "<group>"; };
		4E5F95281E9F4827003B1B93 /* AppDelegate.h */ = {isa = PBXFileReference; lastKnownFileType = sourcecode.c.h; path = AppDelegate.h; sourceTree = "<group>"; };
		4E5F95291E9F4827003B1B93 /* AppDelegate.m */ = {isa = PBXFileReference; lastKnownFileType = sourcecode.c.objc; path = AppDelegate.m; sourceTree = "<group>"; };
		4E5F952B1E9F4827003B1B93 /* ViewController.h */ = {isa = PBXFileReference; lastKnownFileType = sourcecode.c.h; path = ViewController.h; sourceTree = "<group>"; };
		4E5F952C1E9F4827003B1B93 /* ViewController.m */ = {isa = PBXFileReference; lastKnownFileType = sourcecode.c.objc; path = ViewController.m; sourceTree = "<group>"; };
		4E5F952F1E9F4827003B1B93 /* Base */ = {isa = PBXFileReference; lastKnownFileType = file.storyboard; name = Base; path = Base.lproj/Main.storyboard; sourceTree = "<group>"; };
		4E5F95311E9F4827003B1B93 /* Assets.xcassets */ = {isa = PBXFileReference; lastKnownFileType = folder.assetcatalog; path = Assets.xcassets; sourceTree = "<group>"; };
		4E5F95341E9F4827003B1B93 /* Base */ = {isa = PBXFileReference; lastKnownFileType = file.storyboard; name = Base; path = Base.lproj/LaunchScreen.storyboard; sourceTree = "<group>"; };
		4E5F95361E9F4827003B1B93 /* Info.plist */ = {isa = PBXFileReference; lastKnownFileType = text.plist.xml; path = Info.plist; sourceTree = "<group>"; };
		4E5F953B1E9F4827003B1B93 /* TestSafafiTests.xctest */ = {isa = PBXFileReference; explicitFileType = wrapper.cfbundle; includeInIndex = 0; path = TestSafafiTests.xctest; sourceTree = BUILT_PRODUCTS_DIR; };
		4E5F953F1E9F4827003B1B93 /* TestSafafiTests.m */ = {isa = PBXFileReference; lastKnownFileType = sourcecode.c.objc; path = TestSafafiTests.m; sourceTree = "<group>"; };
		4E5F95411E9F4827003B1B93 /* Info.plist */ = {isa = PBXFileReference; lastKnownFileType = text.plist.xml; path = Info.plist; sourceTree = "<group>"; };
		4E5F95461E9F4827003B1B93 /* TestSafafiUITests.xctest */ = {isa = PBXFileReference; explicitFileType = wrapper.cfbundle; includeInIndex = 0; path = TestSafafiUITests.xctest; sourceTree = BUILT_PRODUCTS_DIR; };
		4E5F954A1E9F4827003B1B93 /* TestSafafiUITests.m */ = {isa = PBXFileReference; lastKnownFileType = sourcecode.c.objc; path = TestSafafiUITests.m; sourceTree = "<group>"; };
		4E5F954C1E9F4827003B1B93 /* Info.plist */ = {isa = PBXFileReference; lastKnownFileType = text.plist.xml; path = Info.plist; sourceTree = "<group>"; };
/* End PBXFileReference section */

/* Begin PBXFrameworksBuildPhase section */
		4E5F951F1E9F4827003B1B93 /* Frameworks */ = {
			isa = PBXFrameworksBuildPhase;
			buildActionMask = 2147483647;
			files = (
			);
			runOnlyForDeploymentPostprocessing = 0;
		};
		4E5F95381E9F4827003B1B93 /* Frameworks */ = {
			isa = PBXFrameworksBuildPhase;
			buildActionMask = 2147483647;
			files = (
			);
			runOnlyForDeploymentPostprocessing = 0;
		};
		4E5F95431E9F4827003B1B93 /* Frameworks */ = {
			isa = PBXFrameworksBuildPhase;
			buildActionMask = 2147483647;
			files = (
			);
			runOnlyForDeploymentPostprocessing = 0;
		};
/* End PBXFrameworksBuildPhase section */

/* Begin PBXGroup section */
		4E5F95191E9F4827003B1B93 = {
			isa = PBXGroup;
			children = (
				4E5F95241E9F4827003B1B93 /* TestSafafi */,
				4E5F953E1E9F4827003B1B93 /* TestSafafiTests */,
				4E5F95491E9F4827003B1B93 /* TestSafafiUITests */,
				4E5F95231E9F4827003B1B93 /* Products */,
			);
			sourceTree = "<group>";
		};
		4E5F95231E9F4827003B1B93 /* Products */ = {
			isa = PBXGroup;
			children = (
				4E5F95221E9F4827003B1B93 /* TestSafafi.app */,
				4E5F953B1E9F4827003B1B93 /* TestSafafiTests.xctest */,
				4E5F95461E9F4827003B1B93 /* TestSafafiUITests.xctest */,
			);
			name = Products;
			sourceTree = "<group>";
		};
		4E5F95241E9F4827003B1B93 /* TestSafafi */ = {
			isa = PBXGroup;
			children = (
				4E5F95281E9F4827003B1B93 /* AppDelegate.h */,
				4E5F95291E9F4827003B1B93 /* AppDelegate.m */,
				4E5F952B1E9F4827003B1B93 /* ViewController.h */,
				4E5F952C1E9F4827003B1B93 /* ViewController.m */,
				4E5F952E1E9F4827003B1B93 /* Main.storyboard */,
				4E5F95311E9F4827003B1B93 /* Assets.xcassets */,
				4E5F95331E9F4827003B1B93 /* LaunchScreen.storyboard */,
				4E5F95361E9F4827003B1B93 /* Info.plist */,
				4E5F95251E9F4827003B1B93 /* Supporting Files */,
			);
			path = TestSafafi;
			sourceTree = "<group>";
		};
		4E5F95251E9F4827003B1B93 /* Supporting Files */ = {
			isa = PBXGroup;
			children = (
				4E5F95261E9F4827003B1B93 /* main.m */,
			);
			name = "Supporting Files";
			sourceTree = "<group>";
		};
		4E5F953E1E9F4827003B1B93 /* TestSafafiTests */ = {
			isa = PBXGroup;
			children = (
				4E5F953F1E9F4827003B1B93 /* TestSafafiTests.m */,
				4E5F95411E9F4827003B1B93 /* Info.plist */,
			);
			path = TestSafafiTests;
			sourceTree = "<group>";
		};
		4E5F95491E9F4827003B1B93 /* TestSafafiUITests */ = {
			isa = PBXGroup;
			children = (
				4E5F954A1E9F4827003B1B93 /* TestSafafiUITests.m */,
				4E5F954C1E9F4827003B1B93 /* Info.plist */,
			);
			path = TestSafafiUITests;
			sourceTree = "<group>";
		};
/* End PBXGroup section */

/* Begin PBXNativeTarget section */
		4E5F95211E9F4827003B1B93 /* TestSafafi */ = {
			isa = PBXNativeTarget;
			buildConfigurationList = 4E5F954F1E9F4827003B1B93 /* Build configuration list for PBXNativeTarget "TestSafafi" */;
			buildPhases = (
				4E5F951E1E9F4827003B1B93 /* Sources */,
				4E5F951F1E9F4827003B1B93 /* Frameworks */,
				4E5F95201E9F4827003B1B93 /* Resources */,
			);
			buildRules = (
			);
			dependencies = (
			);
			name = TestSafafi;
			productName = TestSafafi;
			productReference = 4E5F95221E9F4827003B1B93 /* TestSafafi.app */;
			productType = "com.apple.product-type.application";
		};
		4E5F953A1E9F4827003B1B93 /* TestSafafiTests */ = {
			isa = PBXNativeTarget;
			buildConfigurationList = 4E5F95521E9F4827003B1B93 /* Build configuration list for PBXNativeTarget "TestSafafiTests" */;
			buildPhases = (
				4E5F95371E9F4827003B1B93 /* Sources */,
				4E5F95381E9F4827003B1B93 /* Frameworks */,
				4E5F95391E9F4827003B1B93 /* Resources */,
			);
			buildRules = (
			);
			dependencies = (
				4E5F953D1E9F4827003B1B93 /* PBXTargetDependency */,
			);
			name = TestSafafiTests;
			productName = TestSafafiTests;
			productReference = 4E5F953B1E9F4827003B1B93 /* TestSafafiTests.xctest */;
			productType = "com.apple.product-type.bundle.unit-test";
		};
		4E5F95451E9F4827003B1B93 /* TestSafafiUITests */ = {
			isa = PBXNativeTarget;
			buildConfigurationList = 4E5F95551E9F4827003B1B93 /* Build configuration list for PBXNativeTarget "TestSafafiUITests" */;
			buildPhases = (
				4E5F95421E9F4827003B1B93 /* Sources */,
				4E5F95431E9F4827003B1B93 /* Frameworks */,
				4E5F95441E9F4827003B1B93 /* Resources */,
			);
			buildRules = (
			);
			dependencies = (
				4E5F95481E9F4827003B1B93 /* PBXTargetDependency */,
			);
			name = TestSafafiUITests;
			productName = TestSafafiUITests;
			productReference = 4E5F95461E9F4827003B1B93 /* TestSafafiUITests.xctest */;
			productType = "com.apple.product-type.bundle.ui-testing";
		};
/* End PBXNativeTarget section */

/* Begin PBXProject section */
		4E5F951A1E9F4827003B1B93 /* Project object */ = {
			isa = PBXProject;
			attributes = {
				LastUpgradeCheck = 0830;
				ORGANIZATIONNAME = pk;
				TargetAttributes = {
					4E5F95211E9F4827003B1B93 = {
						CreatedOnToolsVersion = 8.3.1;
						ProvisioningStyle = Automatic;
					};
					4E5F953A1E9F4827003B1B93 = {
						CreatedOnToolsVersion = 8.3.1;
						ProvisioningStyle = Automatic;
						TestTargetID = 4E5F95211E9F4827003B1B93;
					};
					4E5F95451E9F4827003B1B93 = {
						CreatedOnToolsVersion = 8.3.1;
						ProvisioningStyle = Automatic;
						TestTargetID = 4E5F95211E9F4827003B1B93;
					};
				};
			};
			buildConfigurationList = 4E5F951D1E9F4827003B1B93 /* Build configuration list for PBXProject "TestSafafi" */;
			compatibilityVersion = "Xcode 3.2";
			developmentRegion = English;
			hasScannedForEncodings = 0;
			knownRegions = (
				en,
				Base,
			);
			mainGroup = 4E5F95191E9F4827003B1B93;
			productRefGroup = 4E5F95231E9F4827003B1B93 /* Products */;
			projectDirPath = "";
			projectRoot = "";
			targets = (
				4E5F95211E9F4827003B1B93 /* TestSafafi */,
				4E5F953A1E9F4827003B1B93 /* TestSafafiTests */,
				4E5F95451E9F4827003B1B93 /* TestSafafiUITests */,
			);
		};
/* End PBXProject section */

/* Begin PBXResourcesBuildPhase section */
		4E5F95201E9F4827003B1B93 /* Resources */ = {
			isa = PBXResourcesBuildPhase;
			buildActionMask = 2147483647;
			files = (
				4E5F95351E9F4827003B1B93 /* LaunchScreen.storyboard in Resources */,
				4E5F95321E9F4827003B1B93 /* Assets.xcassets in Resources */,
				4E5F95301E9F4827003B1B93 /* Main.storyboard in Resources */,
			);
			runOnlyForDeploymentPostprocessing = 0;
		};
		4E5F95391E9F4827003B1B93 /* Resources */ = {
			isa = PBXResourcesBuildPhase;
			buildActionMask = 2147483647;
			files = (
			);
			runOnlyForDeploymentPostprocessing = 0;
		};
		4E5F95441E9F4827003B1B93 /* Resources */ = {
			isa = PBXResourcesBuildPhase;
			buildActionMask = 2147483647;
			files = (
			);
			runOnlyForDeploymentPostprocessing = 0;
		};
/* End PBXResourcesBuildPhase section */

/* Begin PBXSourcesBuildPhase section */
		4E5F951E1E9F4827003B1B93 /* Sources */ = {
			isa = PBXSourcesBuildPhase;
			buildActionMask = 2147483647;
			files = (
				4E5F952D1E9F4827003B1B93 /* ViewController.m in Sources */,
				4E5F952A1E9F4827003B1B93 /* AppDelegate.m in Sources */,
				4E5F95271E9F4827003B1B93 /* main.m in Sources */,
			);
			runOnlyForDeploymentPostprocessing = 0;
		};
		4E5F95371E9F4827003B1B93 /* Sources */ = {
			isa = PBXSourcesBuildPhase;
			buildActionMask = 2147483647;
			files = (
				4E5F95401E9F4827003B1B93 /* TestSafafiTests.m in Sources */,
			);
			runOnlyForDeploymentPostprocessing = 0;
		};
		4E5F95421E9F4827003B1B93 /* Sources */ = {
			isa = PBXSourcesBuildPhase;
			buildActionMask = 2147483647;
			files = (
				4E5F954B1E9F4827003B1B93 /* TestSafafiUITests.m in Sources */,
			);
			runOnlyForDeploymentPostprocessing = 0;
		};
/* End PBXSourcesBuildPhase section */

/* Begin PBXTargetDependency section */
		4E5F953D1E9F4827003B1B93 /* PBXTargetDependency */ = {
			isa = PBXTargetDependency;
			target = 4E5F95211E9F4827003B1B93 /* TestSafafi */;
			targetProxy = 4E5F953C1E9F4827003B1B93 /* PBXContainerItemProxy */;
		};
		4E5F95481E9F4827003B1B93 /* PBXTargetDependency */ = {
			isa = PBXTargetDependency;
			target = 4E5F95211E9F4827003B1B93 /* TestSafafi */;
			targetProxy = 4E5F95471E9F4827003B1B93 /* PBXContainerItemProxy */;
		};
/* End PBXTargetDependency section */

/* Begin PBXVariantGroup section */
		4E5F952E1E9F4827003B1B93 /* Main.storyboard */ = {
			isa = PBXVariantGroup;
			children = (
				4E5F952F1E9F4827003B1B93 /* Base */,
			);
			name = Main.storyboard;
			sourceTree = "<group>";
		};
		4E5F95331E9F4827003B1B93 /* LaunchScreen.storyboard */ = {
			isa = PBXVariantGroup;
			children = (
				4E5F95341E9F4827003B1B93 /* Base */,
			);
			name = LaunchScreen.storyboard;
			sourceTree = "<group>";
		};
/* End PBXVariantGroup section */

/* Begin XCBuildConfiguration section */
		4E5F954D1E9F4827003B1B93 /* Debug */ = {
			isa = XCBuildConfiguration;
			buildSettings = {
				ALWAYS_SEARCH_USER_PATHS = NO;
				CLANG_ANALYZER_NONNULL = YES;
				CLANG_ANALYZER_NUMBER_OBJECT_CONVERSION = YES_AGGRESSIVE;
				CLANG_CXX_LANGUAGE_STANDARD = "gnu++0x";
				CLANG_CXX_LIBRARY = "libc++";
				CLANG_ENABLE_MODULES = YES;
				CLANG_ENABLE_OBJC_ARC = YES;
				CLANG_WARN_BOOL_CONVERSION = YES;
				CLANG_WARN_CONSTANT_CONVERSION = YES;
				CLANG_WARN_DIRECT_OBJC_ISA_USAGE = YES_ERROR;
				CLANG_WARN_DOCUMENTATION_COMMENTS = YES;
				CLANG_WARN_EMPTY_BODY = YES;
				CLANG_WARN_ENUM_CONVERSION = YES;
				CLANG_WARN_INFINITE_RECURSION = YES;
				CLANG_WARN_INT_CONVERSION = YES;
				CLANG_WARN_OBJC_ROOT_CLASS = YES_ERROR;
				CLANG_WARN_SUSPICIOUS_MOVE = YES;
				CLANG_WARN_UNREACHABLE_CODE = YES;
				CLANG_WARN__DUPLICATE_METHOD_MATCH = YES;
				"CODE_SIGN_IDENTITY[sdk=iphoneos*]" = "iPhone Developer";
				COPY_PHASE_STRIP = NO;
				DEBUG_INFORMATION_FORMAT = dwarf;
				ENABLE_STRICT_OBJC_MSGSEND = YES;
				ENABLE_TESTABILITY = YES;
				GCC_C_LANGUAGE_STANDARD = gnu99;
				GCC_DYNAMIC_NO_PIC = NO;
				GCC_NO_COMMON_BLOCKS = YES;
				GCC_OPTIMIZATION_LEVEL = 0;
				GCC_PREPROCESSOR_DEFINITIONS = (
					"DEBUG=1",
					"$(inherited)",
				);
				GCC_WARN_64_TO_32_BIT_CONVERSION = YES;
				GCC_WARN_ABOUT_RETURN_TYPE = YES_ERROR;
				GCC_WARN_UNDECLARED_SELECTOR = YES;
				GCC_WARN_UNINITIALIZED_AUTOS = YES_AGGRESSIVE;
				GCC_WARN_UNUSED_FUNCTION = YES;
				GCC_WARN_UNUSED_VARIABLE = YES;
				IPHONEOS_DEPLOYMENT_TARGET = 10.3;
				MTL_ENABLE_DEBUG_INFO = YES;
				ONLY_ACTIVE_ARCH = YES;
				SDKROOT = iphoneos;
			};
			name = Debug;
		};
		4E5F954E1E9F4827003B1B93 /* Release */ = {
			isa = XCBuildConfiguration;
			buildSettings = {
				ALWAYS_SEARCH_USER_PATHS = NO;
				CLANG_ANALYZER_NONNULL = YES;
				CLANG_ANALYZER_NUMBER_OBJECT_CONVERSION = YES_AGGRESSIVE;
				CLANG_CXX_LANGUAGE_STANDARD = "gnu++0x";
				CLANG_CXX_LIBRARY = "libc++";
				CLANG_ENABLE_MODULES = YES;
				CLANG_ENABLE_OBJC_ARC = YES;
				CLANG_WARN_BOOL_CONVERSION = YES;
				CLANG_WARN_CONSTANT_CONVERSION = YES;
				CLANG_WARN_DIRECT_OBJC_ISA_USAGE = YES_ERROR;
				CLANG_WARN_DOCUMENTATION_COMMENTS = YES;
				CLANG_WARN_EMPTY_BODY = YES;
				CLANG_WARN_ENUM_CONVERSION = YES;
				CLANG_WARN_INFINITE_RECURSION = YES;
				CLANG_WARN_INT_CONVERSION = YES;
				CLANG_WARN_OBJC_ROOT_CLASS = YES_ERROR;
				CLANG_WARN_SUSPICIOUS_MOVE = YES;
				CLANG_WARN_UNREACHABLE_CODE = YES;
				CLANG_WARN__DUPLICATE_METHOD_MATCH = YES;
				"CODE_SIGN_IDENTITY[sdk=iphoneos*]" = "iPhone Developer";
				COPY_PHASE_STRIP = NO;
				DEBUG_INFORMATION_FORMAT = "dwarf-with-dsym";
				ENABLE_NS_ASSERTIONS = NO;
				ENABLE_STRICT_OBJC_MSGSEND = YES;
				GCC_C_LANGUAGE_STANDARD = gnu99;
				GCC_NO_COMMON_BLOCKS = YES;
				GCC_WARN_64_TO_32_BIT_CONVERSION = YES;
				GCC_WARN_ABOUT_RETURN_TYPE = YES_ERROR;
				GCC_WARN_UNDECLARED_SELECTOR = YES;
				GCC_WARN_UNINITIALIZED_AUTOS = YES_AGGRESSIVE;
				GCC_WARN_UNUSED_FUNCTION = YES;
				GCC_WARN_UNUSED_VARIABLE = YES;
				IPHONEOS_DEPLOYMENT_TARGET = 10.3;
				MTL_ENABLE_DEBUG_INFO = NO;
				SDKROOT = iphoneos;
				VALIDATE_PRODUCT = YES;
			};
			name = Release;
		};
		4E5F95501E9F4827003B1B93 /* Debug */ = {
			isa = XCBuildConfiguration;
			buildSettings = {
				ASSETCATALOG_COMPILER_APPICON_NAME = AppIcon;
				INFOPLIST_FILE = TestSafafi/Info.plist;
				LD_RUNPATH_SEARCH_PATHS = "$(inherited) @executable_path/Frameworks";
				PRODUCT_BUNDLE_IDENTIFIER = JH.TestSafafi;
				PRODUCT_NAME = "$(TARGET_NAME)";
			};
			name = Debug;
		};
		4E5F95511E9F4827003B1B93 /* Release */ = {
			isa = XCBuildConfiguration;
			buildSettings = {
				ASSETCATALOG_COMPILER_APPICON_NAME = AppIcon;
				INFOPLIST_FILE = TestSafafi/Info.plist;
				LD_RUNPATH_SEARCH_PATHS = "$(inherited) @executable_path/Frameworks";
				PRODUCT_BUNDLE_IDENTIFIER = JH.TestSafafi;
				PRODUCT_NAME = "$(TARGET_NAME)";
			};
			name = Release;
		};
		4E5F95531E9F4827003B1B93 /* Debug */ = {
			isa = XCBuildConfiguration;
			buildSettings = {
				BUNDLE_LOADER = "$(TEST_HOST)";
				INFOPLIST_FILE = TestSafafiTests/Info.plist;
				LD_RUNPATH_SEARCH_PATHS = "$(inherited) @executable_path/Frameworks @loader_path/Frameworks";
				PRODUCT_BUNDLE_IDENTIFIER = JH.TestSafafiTests;
				PRODUCT_NAME = "$(TARGET_NAME)";
				TEST_HOST = "$(BUILT_PRODUCTS_DIR)/TestSafafi.app/TestSafafi";
			};
			name = Debug;
		};
		4E5F95541E9F4827003B1B93 /* Release */ = {
			isa = XCBuildConfiguration;
			buildSettings = {
				BUNDLE_LOADER = "$(TEST_HOST)";
				INFOPLIST_FILE = TestSafafiTests/Info.plist;
				LD_RUNPATH_SEARCH_PATHS = "$(inherited) @executable_path/Frameworks @loader_path/Frameworks";
				PRODUCT_BUNDLE_IDENTIFIER = JH.TestSafafiTests;
				PRODUCT_NAME = "$(TARGET_NAME)";
				TEST_HOST = "$(BUILT_PRODUCTS_DIR)/TestSafafi.app/TestSafafi";
			};
			name = Release;
		};
		4E5F95561E9F4827003B1B93 /* Debug */ = {
			isa = XCBuildConfiguration;
			buildSettings = {
				INFOPLIST_FILE = TestSafafiUITests/Info.plist;
				LD_RUNPATH_SEARCH_PATHS = "$(inherited) @executable_path/Frameworks @loader_path/Frameworks";
				PRODUCT_BUNDLE_IDENTIFIER = JH.TestSafafiUITests;
				PRODUCT_NAME = "$(TARGET_NAME)";
				TEST_TARGET_NAME = TestSafafi;
			};
			name = Debug;
		};
		4E5F95571E9F4827003B1B93 /* Release */ = {
			isa = XCBuildConfiguration;
			buildSettings = {
				INFOPLIST_FILE = TestSafafiUITests/Info.plist;
				LD_RUNPATH_SEARCH_PATHS = "$(inherited) @executable_path/Frameworks @loader_path/Frameworks";
				PRODUCT_BUNDLE_IDENTIFIER = JH.TestSafafiUITests;
				PRODUCT_NAME = "$(TARGET_NAME)";
				TEST_TARGET_NAME = TestSafafi;
			};
			name = Release;
		};
/* End XCBuildConfiguration section */

/* Begin XCConfigurationList section */
		4E5F951D1E9F4827003B1B93 /* Build configuration list for PBXProject "TestSafafi" */ = {
			isa = XCConfigurationList;
			buildConfigurations = (
				4E5F954D1E9F4827003B1B93 /* Debug */,
				4E5F954E1E9F4827003B1B93 /* Release */,
			);
			defaultConfigurationIsVisible = 0;
			defaultConfigurationName = Release;
		};
		4E5F954F1E9F4827003B1B93 /* Build configuration list for PBXNativeTarget "TestSafafi" */ = {
			isa = XCConfigurationList;
			buildConfigurations = (
				4E5F95501E9F4827003B1B93 /* Debug */,
				4E5F95511E9F4827003B1B93 /* Release */,
			);
			defaultConfigurationIsVisible = 0;
		};
		4E5F95521E9F4827003B1B93 /* Build configuration list for PBXNativeTarget "TestSafafiTests" */ = {
			isa = XCConfigurationList;
			buildConfigurations = (
				4E5F95531E9F4827003B1B93 /* Debug */,
				4E5F95541E9F4827003B1B93 /* Release */,
			);
			defaultConfigurationIsVisible = 0;
		};
		4E5F95551E9F4827003B1B93 /* Build configuration list for PBXNativeTarget "TestSafafiUITests" */ = {
			isa = XCConfigurationList;
			buildConfigurations = (
				4E5F95561E9F4827003B1B93 /* Debug */,
				4E5F95571E9F4827003B1B93 /* Release */,
			);
			defaultConfigurationIsVisible = 0;
		};
/* End XCConfigurationList section */
	};
	rootObject = 4E5F951A1E9F4827003B1B93 /* Project object */;
}
